// !$*UTF8*$!
{
	archiveVersion = 1;
	classes = {
	};
	objectVersion = 48;
	objects = {

/* Begin PBXBuildFile section */
		228A6789AE16347D0E791638 /* Pods_voxfeedUITests.framework in Frameworks */ = {isa = PBXBuildFile; fileRef = 5B7EF784B3528317308B2785 /* Pods_voxfeedUITests.framework */; };
		275428B24F06ACC3CB9AA72A /* Pods_voxfeed.framework in Frameworks */ = {isa = PBXBuildFile; fileRef = 649F7AC5E0F33F3B9C470366 /* Pods_voxfeed.framework */; };
		692ABBAB1FE438E200A9B918 /* PublicationsPresenter.swift in Sources */ = {isa = PBXBuildFile; fileRef = 692ABBAA1FE438E200A9B918 /* PublicationsPresenter.swift */; };
		694DE9521FEABE4A00448B75 /* PublicationsDataProviderTests.swift in Sources */ = {isa = PBXBuildFile; fileRef = 694DE9511FEABE4A00448B75 /* PublicationsDataProviderTests.swift */; };
		6998A88C1FEAA8E80079DC0A /* PublicationsViewControllerTests.swift in Sources */ = {isa = PBXBuildFile; fileRef = 6998A88B1FEAA8E80079DC0A /* PublicationsViewControllerTests.swift */; };
		6998A88E1FEAAAFD0079DC0A /* PublicationDataProvider.swift in Sources */ = {isa = PBXBuildFile; fileRef = 6998A88D1FEAAAFD0079DC0A /* PublicationDataProvider.swift */; };
		DAE21078583CAAF94569C6CF /* Pods_voxfeedTests.framework in Frameworks */ = {isa = PBXBuildFile; fileRef = EDA582B6C8D0227DDA29D292 /* Pods_voxfeedTests.framework */; };
		EE802B921FE2402F00CE8E5E /* AppDelegate.swift in Sources */ = {isa = PBXBuildFile; fileRef = EE802B911FE2402F00CE8E5E /* AppDelegate.swift */; };
		EE802B9B1FE2402F00CE8E5E /* Main.storyboard in Resources */ = {isa = PBXBuildFile; fileRef = EE802B991FE2402F00CE8E5E /* Main.storyboard */; };
		EE802B9D1FE2402F00CE8E5E /* Assets.xcassets in Resources */ = {isa = PBXBuildFile; fileRef = EE802B9C1FE2402F00CE8E5E /* Assets.xcassets */; };
		EE802BA01FE2402F00CE8E5E /* LaunchScreen.storyboard in Resources */ = {isa = PBXBuildFile; fileRef = EE802B9E1FE2402F00CE8E5E /* LaunchScreen.storyboard */; };
		EE802BB61FE2402F00CE8E5E /* voxfeedUITests.swift in Sources */ = {isa = PBXBuildFile; fileRef = EE802BB51FE2402F00CE8E5E /* voxfeedUITests.swift */; };
		EE802BCA1FE242CD00CE8E5E /* User.swift in Sources */ = {isa = PBXBuildFile; fileRef = EE802BC41FE242CC00CE8E5E /* User.swift */; };
		EE802BCB1FE242CD00CE8E5E /* PromotedMessage.swift in Sources */ = {isa = PBXBuildFile; fileRef = EE802BC51FE242CC00CE8E5E /* PromotedMessage.swift */; };
		EE802BCC1FE242CD00CE8E5E /* Stats.swift in Sources */ = {isa = PBXBuildFile; fileRef = EE802BC61FE242CC00CE8E5E /* Stats.swift */; };
		EE802BCD1FE242CD00CE8E5E /* Campaign.swift in Sources */ = {isa = PBXBuildFile; fileRef = EE802BC71FE242CC00CE8E5E /* Campaign.swift */; };
		EE802BCE1FE242CD00CE8E5E /* Post.swift in Sources */ = {isa = PBXBuildFile; fileRef = EE802BC81FE242CC00CE8E5E /* Post.swift */; };
		EE802BCF1FE242CD00CE8E5E /* Brand.swift in Sources */ = {isa = PBXBuildFile; fileRef = EE802BC91FE242CC00CE8E5E /* Brand.swift */; };
		EE802BD21FE2481400CE8E5E /* Publications.storyboard in Resources */ = {isa = PBXBuildFile; fileRef = EE802BD11FE2481400CE8E5E /* Publications.storyboard */; };
		EE802BD41FE2494C00CE8E5E /* CardPublication.xib in Resources */ = {isa = PBXBuildFile; fileRef = EE802BD31FE2494C00CE8E5E /* CardPublication.xib */; };
		EEA811BB1FE6F3B70049047E /* FooterButton.xib in Resources */ = {isa = PBXBuildFile; fileRef = EEA811BA1FE6F3B70049047E /* FooterButton.xib */; };
		EEA811BF1FE7707D0049047E /* colorExtension.swift in Sources */ = {isa = PBXBuildFile; fileRef = EEA811BE1FE7707D0049047E /* colorExtension.swift */; };
		EEA811C21FE779580049047E /* Utils.swift in Sources */ = {isa = PBXBuildFile; fileRef = EEA811C11FE779580049047E /* Utils.swift */; };
		EEA811C41FE78E380049047E /* WebViewController.swift in Sources */ = {isa = PBXBuildFile; fileRef = EEA811C31FE78E380049047E /* WebViewController.swift */; };
		EEB3EFF51FE385F00005E50B /* CardPublicationCell.swift in Sources */ = {isa = PBXBuildFile; fileRef = EEB3EFF41FE385F00005E50B /* CardPublicationCell.swift */; };
		EEB3EFF91FE38B200005E50B /* PublicationsViewController.swift in Sources */ = {isa = PBXBuildFile; fileRef = EEB3EFF81FE38B200005E50B /* PublicationsViewController.swift */; };
		EEB3EFFC1FE38BBF0005E50B /* VoxfeedAPI.swift in Sources */ = {isa = PBXBuildFile; fileRef = EEB3EFFB1FE38BBF0005E50B /* VoxfeedAPI.swift */; };
		EEB3F03A1FE38DCF0005E50B /* MainViewController.swift in Sources */ = {isa = PBXBuildFile; fileRef = EEB3F0391FE38DCF0005E50B /* MainViewController.swift */; };
		EECBDC081FE5D3B4002A66D7 /* HeaderImage.xib in Resources */ = {isa = PBXBuildFile; fileRef = EECBDC071FE5D3B4002A66D7 /* HeaderImage.xib */; };
		EECBDC0A1FE5D5D4002A66D7 /* StatsCell.xib in Resources */ = {isa = PBXBuildFile; fileRef = EECBDC091FE5D5D4002A66D7 /* StatsCell.xib */; };
		EECBDC0E1FE5D830002A66D7 /* HeaderImageDetail.swift in Sources */ = {isa = PBXBuildFile; fileRef = EECBDC0D1FE5D830002A66D7 /* HeaderImageDetail.swift */; };
		EECBDC101FE5DA4B002A66D7 /* StatsViewCell.swift in Sources */ = {isa = PBXBuildFile; fileRef = EECBDC0F1FE5DA4B002A66D7 /* StatsViewCell.swift */; };
		EECBDC161FE5F820002A66D7 /* DetailViewController.swift in Sources */ = {isa = PBXBuildFile; fileRef = EECBDC151FE5F820002A66D7 /* DetailViewController.swift */; };
/* End PBXBuildFile section */

/* Begin PBXContainerItemProxy section */
		EE802BA71FE2402F00CE8E5E /* PBXContainerItemProxy */ = {
			isa = PBXContainerItemProxy;
			containerPortal = EE802B861FE2402F00CE8E5E /* Project object */;
			proxyType = 1;
			remoteGlobalIDString = EE802B8D1FE2402F00CE8E5E;
			remoteInfo = voxfeed;
		};
		EE802BB21FE2402F00CE8E5E /* PBXContainerItemProxy */ = {
			isa = PBXContainerItemProxy;
			containerPortal = EE802B861FE2402F00CE8E5E /* Project object */;
			proxyType = 1;
			remoteGlobalIDString = EE802B8D1FE2402F00CE8E5E;
			remoteInfo = voxfeed;
		};
/* End PBXContainerItemProxy section */

/* Begin PBXCopyFilesBuildPhase section */
		EEFBE0FA1FE391B90006F5FC /* Embed Frameworks */ = {
			isa = PBXCopyFilesBuildPhase;
			buildActionMask = 2147483647;
			dstPath = "";
			dstSubfolderSpec = 10;
			files = (
			);
			name = "Embed Frameworks";
			runOnlyForDeploymentPostprocessing = 0;
		};
/* End PBXCopyFilesBuildPhase section */

/* Begin PBXFileReference section */
		0C8B933CA3069CCE97B852EC /* Pods-voxfeedUITests.debug.xcconfig */ = {isa = PBXFileReference; includeInIndex = 1; lastKnownFileType = text.xcconfig; name = "Pods-voxfeedUITests.debug.xcconfig"; path = "Pods/Target Support Files/Pods-voxfeedUITests/Pods-voxfeedUITests.debug.xcconfig"; sourceTree = "<group>"; };
		170D71D6F3DB49890E885109 /* Pods-voxfeedUITests.release.xcconfig */ = {isa = PBXFileReference; includeInIndex = 1; lastKnownFileType = text.xcconfig; name = "Pods-voxfeedUITests.release.xcconfig"; path = "Pods/Target Support Files/Pods-voxfeedUITests/Pods-voxfeedUITests.release.xcconfig"; sourceTree = "<group>"; };
		5B7EF784B3528317308B2785 /* Pods_voxfeedUITests.framework */ = {isa = PBXFileReference; explicitFileType = wrapper.framework; includeInIndex = 0; path = Pods_voxfeedUITests.framework; sourceTree = BUILT_PRODUCTS_DIR; };
		649F7AC5E0F33F3B9C470366 /* Pods_voxfeed.framework */ = {isa = PBXFileReference; explicitFileType = wrapper.framework; includeInIndex = 0; path = Pods_voxfeed.framework; sourceTree = BUILT_PRODUCTS_DIR; };
		692ABBAA1FE438E200A9B918 /* PublicationsPresenter.swift */ = {isa = PBXFileReference; lastKnownFileType = sourcecode.swift; path = PublicationsPresenter.swift; sourceTree = "<group>"; };
		694DE9511FEABE4A00448B75 /* PublicationsDataProviderTests.swift */ = {isa = PBXFileReference; lastKnownFileType = sourcecode.swift; name = PublicationsDataProviderTests.swift; path = ../Publications/PublicationsDataProviderTests.swift; sourceTree = "<group>"; };
		6998A88B1FEAA8E80079DC0A /* PublicationsViewControllerTests.swift */ = {isa = PBXFileReference; lastKnownFileType = sourcecode.swift; name = PublicationsViewControllerTests.swift; path = ../Publications/PublicationsViewControllerTests.swift; sourceTree = "<group>"; };
		6998A88D1FEAAAFD0079DC0A /* PublicationDataProvider.swift */ = {isa = PBXFileReference; lastKnownFileType = sourcecode.swift; path = PublicationDataProvider.swift; sourceTree = "<group>"; };
		87A23BC4BA5501B6D8BD7FFA /* Pods-voxfeed.release.xcconfig */ = {isa = PBXFileReference; includeInIndex = 1; lastKnownFileType = text.xcconfig; name = "Pods-voxfeed.release.xcconfig"; path = "Pods/Target Support Files/Pods-voxfeed/Pods-voxfeed.release.xcconfig"; sourceTree = "<group>"; };
		A7325ED6C790DF12E33E947E /* Pods-voxfeed.debug.xcconfig */ = {isa = PBXFileReference; includeInIndex = 1; lastKnownFileType = text.xcconfig; name = "Pods-voxfeed.debug.xcconfig"; path = "Pods/Target Support Files/Pods-voxfeed/Pods-voxfeed.debug.xcconfig"; sourceTree = "<group>"; };
		EDA582B6C8D0227DDA29D292 /* Pods_voxfeedTests.framework */ = {isa = PBXFileReference; explicitFileType = wrapper.framework; includeInIndex = 0; path = Pods_voxfeedTests.framework; sourceTree = BUILT_PRODUCTS_DIR; };
		EE802B8E1FE2402F00CE8E5E /* voxfeed.app */ = {isa = PBXFileReference; explicitFileType = wrapper.application; includeInIndex = 0; path = voxfeed.app; sourceTree = BUILT_PRODUCTS_DIR; };
		EE802B911FE2402F00CE8E5E /* AppDelegate.swift */ = {isa = PBXFileReference; lastKnownFileType = sourcecode.swift; path = AppDelegate.swift; sourceTree = "<group>"; };
		EE802B9A1FE2402F00CE8E5E /* Base */ = {isa = PBXFileReference; lastKnownFileType = file.storyboard; name = Base; path = Base.lproj/Main.storyboard; sourceTree = "<group>"; };
		EE802B9C1FE2402F00CE8E5E /* Assets.xcassets */ = {isa = PBXFileReference; lastKnownFileType = folder.assetcatalog; path = Assets.xcassets; sourceTree = "<group>"; };
		EE802B9F1FE2402F00CE8E5E /* Base */ = {isa = PBXFileReference; lastKnownFileType = file.storyboard; name = Base; path = Base.lproj/LaunchScreen.storyboard; sourceTree = "<group>"; };
		EE802BA11FE2402F00CE8E5E /* Info.plist */ = {isa = PBXFileReference; lastKnownFileType = text.plist.xml; path = Info.plist; sourceTree = "<group>"; };
		EE802BA61FE2402F00CE8E5E /* voxfeedTests.xctest */ = {isa = PBXFileReference; explicitFileType = wrapper.cfbundle; includeInIndex = 0; path = voxfeedTests.xctest; sourceTree = BUILT_PRODUCTS_DIR; };
		EE802BAC1FE2402F00CE8E5E /* Info.plist */ = {isa = PBXFileReference; lastKnownFileType = text.plist.xml; path = Info.plist; sourceTree = "<group>"; };
		EE802BB11FE2402F00CE8E5E /* voxfeedUITests.xctest */ = {isa = PBXFileReference; explicitFileType = wrapper.cfbundle; includeInIndex = 0; path = voxfeedUITests.xctest; sourceTree = BUILT_PRODUCTS_DIR; };
		EE802BB51FE2402F00CE8E5E /* voxfeedUITests.swift */ = {isa = PBXFileReference; lastKnownFileType = sourcecode.swift; path = voxfeedUITests.swift; sourceTree = "<group>"; };
		EE802BB71FE2402F00CE8E5E /* Info.plist */ = {isa = PBXFileReference; lastKnownFileType = text.plist.xml; path = Info.plist; sourceTree = "<group>"; };
		EE802BC41FE242CC00CE8E5E /* User.swift */ = {isa = PBXFileReference; fileEncoding = 4; lastKnownFileType = sourcecode.swift; name = User.swift; path = voxfeed/models/User.swift; sourceTree = SOURCE_ROOT; };
		EE802BC51FE242CC00CE8E5E /* PromotedMessage.swift */ = {isa = PBXFileReference; fileEncoding = 4; lastKnownFileType = sourcecode.swift; name = PromotedMessage.swift; path = voxfeed/models/PromotedMessage.swift; sourceTree = SOURCE_ROOT; };
		EE802BC61FE242CC00CE8E5E /* Stats.swift */ = {isa = PBXFileReference; fileEncoding = 4; lastKnownFileType = sourcecode.swift; name = Stats.swift; path = voxfeed/models/Stats.swift; sourceTree = SOURCE_ROOT; };
		EE802BC71FE242CC00CE8E5E /* Campaign.swift */ = {isa = PBXFileReference; fileEncoding = 4; lastKnownFileType = sourcecode.swift; name = Campaign.swift; path = voxfeed/models/Campaign.swift; sourceTree = SOURCE_ROOT; };
		EE802BC81FE242CC00CE8E5E /* Post.swift */ = {isa = PBXFileReference; fileEncoding = 4; lastKnownFileType = sourcecode.swift; name = Post.swift; path = voxfeed/models/Post.swift; sourceTree = SOURCE_ROOT; };
		EE802BC91FE242CC00CE8E5E /* Brand.swift */ = {isa = PBXFileReference; fileEncoding = 4; lastKnownFileType = sourcecode.swift; name = Brand.swift; path = voxfeed/models/Brand.swift; sourceTree = SOURCE_ROOT; };
		EE802BD11FE2481400CE8E5E /* Publications.storyboard */ = {isa = PBXFileReference; lastKnownFileType = file.storyboard; path = Publications.storyboard; sourceTree = "<group>"; };
		EE802BD31FE2494C00CE8E5E /* CardPublication.xib */ = {isa = PBXFileReference; lastKnownFileType = file.xib; path = CardPublication.xib; sourceTree = "<group>"; };
		EEA811BA1FE6F3B70049047E /* FooterButton.xib */ = {isa = PBXFileReference; lastKnownFileType = file.xib; path = FooterButton.xib; sourceTree = "<group>"; };
		EEA811BE1FE7707D0049047E /* colorExtension.swift */ = {isa = PBXFileReference; lastKnownFileType = sourcecode.swift; path = colorExtension.swift; sourceTree = "<group>"; };
		EEA811C11FE779580049047E /* Utils.swift */ = {isa = PBXFileReference; lastKnownFileType = sourcecode.swift; path = Utils.swift; sourceTree = "<group>"; };
		EEA811C31FE78E380049047E /* WebViewController.swift */ = {isa = PBXFileReference; lastKnownFileType = sourcecode.swift; path = WebViewController.swift; sourceTree = "<group>"; };
		EEB3EFF41FE385F00005E50B /* CardPublicationCell.swift */ = {isa = PBXFileReference; lastKnownFileType = sourcecode.swift; path = CardPublicationCell.swift; sourceTree = "<group>"; };
		EEB3EFF81FE38B200005E50B /* PublicationsViewController.swift */ = {isa = PBXFileReference; lastKnownFileType = sourcecode.swift; path = PublicationsViewController.swift; sourceTree = "<group>"; };
		EEB3EFFB1FE38BBF0005E50B /* VoxfeedAPI.swift */ = {isa = PBXFileReference; lastKnownFileType = sourcecode.swift; path = VoxfeedAPI.swift; sourceTree = "<group>"; };
		EEB3F0391FE38DCF0005E50B /* MainViewController.swift */ = {isa = PBXFileReference; lastKnownFileType = sourcecode.swift; path = MainViewController.swift; sourceTree = "<group>"; };
		EECBDC071FE5D3B4002A66D7 /* HeaderImage.xib */ = {isa = PBXFileReference; lastKnownFileType = file.xib; path = HeaderImage.xib; sourceTree = "<group>"; };
		EECBDC091FE5D5D4002A66D7 /* StatsCell.xib */ = {isa = PBXFileReference; lastKnownFileType = file.xib; path = StatsCell.xib; sourceTree = "<group>"; };
		EECBDC0D1FE5D830002A66D7 /* HeaderImageDetail.swift */ = {isa = PBXFileReference; lastKnownFileType = sourcecode.swift; path = HeaderImageDetail.swift; sourceTree = "<group>"; };
		EECBDC0F1FE5DA4B002A66D7 /* StatsViewCell.swift */ = {isa = PBXFileReference; lastKnownFileType = sourcecode.swift; path = StatsViewCell.swift; sourceTree = "<group>"; };
		EECBDC151FE5F820002A66D7 /* DetailViewController.swift */ = {isa = PBXFileReference; lastKnownFileType = sourcecode.swift; path = DetailViewController.swift; sourceTree = "<group>"; };
		F0E212AE1DCCEB69B20D37F8 /* Pods-voxfeedTests.debug.xcconfig */ = {isa = PBXFileReference; includeInIndex = 1; lastKnownFileType = text.xcconfig; name = "Pods-voxfeedTests.debug.xcconfig"; path = "Pods/Target Support Files/Pods-voxfeedTests/Pods-voxfeedTests.debug.xcconfig"; sourceTree = "<group>"; };
		FC295E7A0788D4973D47284D /* Pods-voxfeedTests.release.xcconfig */ = {isa = PBXFileReference; includeInIndex = 1; lastKnownFileType = text.xcconfig; name = "Pods-voxfeedTests.release.xcconfig"; path = "Pods/Target Support Files/Pods-voxfeedTests/Pods-voxfeedTests.release.xcconfig"; sourceTree = "<group>"; };
/* End PBXFileReference section */

/* Begin PBXFrameworksBuildPhase section */
		EE802B8B1FE2402F00CE8E5E /* Frameworks */ = {
			isa = PBXFrameworksBuildPhase;
			buildActionMask = 2147483647;
			files = (
				275428B24F06ACC3CB9AA72A /* Pods_voxfeed.framework in Frameworks */,
			);
			runOnlyForDeploymentPostprocessing = 0;
		};
		EE802BA31FE2402F00CE8E5E /* Frameworks */ = {
			isa = PBXFrameworksBuildPhase;
			buildActionMask = 2147483647;
			files = (
				DAE21078583CAAF94569C6CF /* Pods_voxfeedTests.framework in Frameworks */,
			);
			runOnlyForDeploymentPostprocessing = 0;
		};
		EE802BAE1FE2402F00CE8E5E /* Frameworks */ = {
			isa = PBXFrameworksBuildPhase;
			buildActionMask = 2147483647;
			files = (
				228A6789AE16347D0E791638 /* Pods_voxfeedUITests.framework in Frameworks */,
			);
			runOnlyForDeploymentPostprocessing = 0;
		};
/* End PBXFrameworksBuildPhase section */

/* Begin PBXGroup section */
		2798521A4935B1CCBFCD0709 /* Pods */ = {
			isa = PBXGroup;
			children = (
				A7325ED6C790DF12E33E947E /* Pods-voxfeed.debug.xcconfig */,
				87A23BC4BA5501B6D8BD7FFA /* Pods-voxfeed.release.xcconfig */,
				F0E212AE1DCCEB69B20D37F8 /* Pods-voxfeedTests.debug.xcconfig */,
				FC295E7A0788D4973D47284D /* Pods-voxfeedTests.release.xcconfig */,
				0C8B933CA3069CCE97B852EC /* Pods-voxfeedUITests.debug.xcconfig */,
				170D71D6F3DB49890E885109 /* Pods-voxfeedUITests.release.xcconfig */,
			);
			name = Pods;
			sourceTree = "<group>";
		};
		692ABBA91FE4382300A9B918 /* Presenters */ = {
			isa = PBXGroup;
			children = (
				692ABBAA1FE438E200A9B918 /* PublicationsPresenter.swift */,
			);
			path = Presenters;
			sourceTree = "<group>";
		};
		6998A88A1FEAA85A0079DC0A /* Publications */ = {
			isa = PBXGroup;
			children = (
				6998A88B1FEAA8E80079DC0A /* PublicationsViewControllerTests.swift */,
				694DE9511FEABE4A00448B75 /* PublicationsDataProviderTests.swift */,
			);
			name = Publications;
			path = "New Group";
			sourceTree = "<group>";
		};
		DB9D0D8E197687BA6F11E507 /* Frameworks */ = {
			isa = PBXGroup;
			children = (
				649F7AC5E0F33F3B9C470366 /* Pods_voxfeed.framework */,
				EDA582B6C8D0227DDA29D292 /* Pods_voxfeedTests.framework */,
				5B7EF784B3528317308B2785 /* Pods_voxfeedUITests.framework */,
			);
			name = Frameworks;
			sourceTree = "<group>";
		};
		EE802B851FE2402F00CE8E5E = {
			isa = PBXGroup;
			children = (
				EE802B901FE2402F00CE8E5E /* voxfeed */,
				EE802BA91FE2402F00CE8E5E /* voxfeedTests */,
				EE802BB41FE2402F00CE8E5E /* voxfeedUITests */,
				EE802B8F1FE2402F00CE8E5E /* Products */,
				2798521A4935B1CCBFCD0709 /* Pods */,
				DB9D0D8E197687BA6F11E507 /* Frameworks */,
			);
			sourceTree = "<group>";
		};
		EE802B8F1FE2402F00CE8E5E /* Products */ = {
			isa = PBXGroup;
			children = (
				EE802B8E1FE2402F00CE8E5E /* voxfeed.app */,
				EE802BA61FE2402F00CE8E5E /* voxfeedTests.xctest */,
				EE802BB11FE2402F00CE8E5E /* voxfeedUITests.xctest */,
			);
			name = Products;
			sourceTree = "<group>";
		};
		EE802B901FE2402F00CE8E5E /* voxfeed */ = {
			isa = PBXGroup;
			children = (
				EEA811C01FE7794A0049047E /* Utils */,
				EEA811BD1FE770520049047E /* extensions */,
				692ABBA91FE4382300A9B918 /* Presenters */,
				EEB3EFFA1FE38BA70005E50B /* API */,
				EEB3EFF71FE386D40005E50B /* Controllers */,
				EEB3EFF31FE385C50005E50B /* Customcells */,
				EE802BD01FE245E200CE8E5E /* xibs */,
				EE802BC31FE242B000CE8E5E /* models */,
				EE802B911FE2402F00CE8E5E /* AppDelegate.swift */,
				EE802B991FE2402F00CE8E5E /* Main.storyboard */,
				EE802B9C1FE2402F00CE8E5E /* Assets.xcassets */,
				EE802B9E1FE2402F00CE8E5E /* LaunchScreen.storyboard */,
				EE802BA11FE2402F00CE8E5E /* Info.plist */,
				EE802BD11FE2481400CE8E5E /* Publications.storyboard */,
			);
			path = voxfeed;
			sourceTree = "<group>";
		};
		EE802BA91FE2402F00CE8E5E /* voxfeedTests */ = {
			isa = PBXGroup;
			children = (
				6998A88A1FEAA85A0079DC0A /* Publications */,
				EE802BAC1FE2402F00CE8E5E /* Info.plist */,
			);
			path = voxfeedTests;
			sourceTree = "<group>";
		};
		EE802BB41FE2402F00CE8E5E /* voxfeedUITests */ = {
			isa = PBXGroup;
			children = (
				EE802BB51FE2402F00CE8E5E /* voxfeedUITests.swift */,
				EE802BB71FE2402F00CE8E5E /* Info.plist */,
			);
			path = voxfeedUITests;
			sourceTree = "<group>";
		};
		EE802BC31FE242B000CE8E5E /* models */ = {
			isa = PBXGroup;
			children = (
				EE802BC91FE242CC00CE8E5E /* Brand.swift */,
				EE802BC71FE242CC00CE8E5E /* Campaign.swift */,
				EE802BC81FE242CC00CE8E5E /* Post.swift */,
				EE802BC51FE242CC00CE8E5E /* PromotedMessage.swift */,
				EE802BC61FE242CC00CE8E5E /* Stats.swift */,
				EE802BC41FE242CC00CE8E5E /* User.swift */,
			);
			path = models;
			sourceTree = "<group>";
		};
		EE802BD01FE245E200CE8E5E /* xibs */ = {
			isa = PBXGroup;
			children = (
				EE802BD31FE2494C00CE8E5E /* CardPublication.xib */,
				EECBDC071FE5D3B4002A66D7 /* HeaderImage.xib */,
				EECBDC091FE5D5D4002A66D7 /* StatsCell.xib */,
				EEA811BA1FE6F3B70049047E /* FooterButton.xib */,
			);
			path = xibs;
			sourceTree = "<group>";
		};
		EEA811BD1FE770520049047E /* extensions */ = {
			isa = PBXGroup;
			children = (
				EEA811BE1FE7707D0049047E /* colorExtension.swift */,
			);
			path = extensions;
			sourceTree = "<group>";
		};
		EEA811C01FE7794A0049047E /* Utils */ = {
			isa = PBXGroup;
			children = (
				EEA811C11FE779580049047E /* Utils.swift */,
			);
			path = Utils;
			sourceTree = "<group>";
		};
		EEB3EFF31FE385C50005E50B /* Customcells */ = {
			isa = PBXGroup;
			children = (
				EEB3EFF41FE385F00005E50B /* CardPublicationCell.swift */,
				EECBDC0D1FE5D830002A66D7 /* HeaderImageDetail.swift */,
				EECBDC0F1FE5DA4B002A66D7 /* StatsViewCell.swift */,
			);
			path = Customcells;
			sourceTree = "<group>";
		};
		EEB3EFF71FE386D40005E50B /* Controllers */ = {
			isa = PBXGroup;
			children = (
				EECBDC111FE5F7B9002A66D7 /* Publications */,
				EEB3F0391FE38DCF0005E50B /* MainViewController.swift */,
			);
			path = Controllers;
			sourceTree = "<group>";
		};
		EEB3EFFA1FE38BA70005E50B /* API */ = {
			isa = PBXGroup;
			children = (
				EEB3EFFB1FE38BBF0005E50B /* VoxfeedAPI.swift */,
			);
			path = API;
			sourceTree = "<group>";
		};
		EECBDC111FE5F7B9002A66D7 /* Publications */ = {
			isa = PBXGroup;
			children = (
				EECBDC121FE5F7CF002A66D7 /* Detail */,
				EEB3EFF81FE38B200005E50B /* PublicationsViewController.swift */,
				6998A88D1FEAAAFD0079DC0A /* PublicationDataProvider.swift */,
			);
			path = Publications;
			sourceTree = "<group>";
		};
		EECBDC121FE5F7CF002A66D7 /* Detail */ = {
			isa = PBXGroup;
			children = (
				EECBDC151FE5F820002A66D7 /* DetailViewController.swift */,
				EEA811C31FE78E380049047E /* WebViewController.swift */,
			);
			path = Detail;
			sourceTree = "<group>";
		};
/* End PBXGroup section */

/* Begin PBXNativeTarget section */
		EE802B8D1FE2402F00CE8E5E /* voxfeed */ = {
			isa = PBXNativeTarget;
			buildConfigurationList = EE802BBA1FE2402F00CE8E5E /* Build configuration list for PBXNativeTarget "voxfeed" */;
			buildPhases = (
				16B93636395EC69550282AC2 /* [CP] Check Pods Manifest.lock */,
				EE802B8A1FE2402F00CE8E5E /* Sources */,
				EE802B8B1FE2402F00CE8E5E /* Frameworks */,
				EE802B8C1FE2402F00CE8E5E /* Resources */,
				1A1287FA34FC7DF925857B7F /* [CP] Embed Pods Frameworks */,
				029C57D232A15A6451A3137A /* [CP] Copy Pods Resources */,
				EEFBE0FA1FE391B90006F5FC /* Embed Frameworks */,
			);
			buildRules = (
			);
			dependencies = (
			);
			name = voxfeed;
			productName = voxfeed;
			productReference = EE802B8E1FE2402F00CE8E5E /* voxfeed.app */;
			productType = "com.apple.product-type.application";
		};
		EE802BA51FE2402F00CE8E5E /* voxfeedTests */ = {
			isa = PBXNativeTarget;
			buildConfigurationList = EE802BBD1FE2402F00CE8E5E /* Build configuration list for PBXNativeTarget "voxfeedTests" */;
			buildPhases = (
				E59E562D0584BAA0BA30F46E /* [CP] Check Pods Manifest.lock */,
				EE802BA21FE2402F00CE8E5E /* Sources */,
				EE802BA31FE2402F00CE8E5E /* Frameworks */,
				EE802BA41FE2402F00CE8E5E /* Resources */,
				FBE2CB467B5EB051E6065BF6 /* [CP] Embed Pods Frameworks */,
				C837A7055BD5D570A0451712 /* [CP] Copy Pods Resources */,
			);
			buildRules = (
			);
			dependencies = (
				EE802BA81FE2402F00CE8E5E /* PBXTargetDependency */,
			);
			name = voxfeedTests;
			productName = voxfeedTests;
			productReference = EE802BA61FE2402F00CE8E5E /* voxfeedTests.xctest */;
			productType = "com.apple.product-type.bundle.unit-test";
		};
		EE802BB01FE2402F00CE8E5E /* voxfeedUITests */ = {
			isa = PBXNativeTarget;
			buildConfigurationList = EE802BC01FE2402F00CE8E5E /* Build configuration list for PBXNativeTarget "voxfeedUITests" */;
			buildPhases = (
				353A6082D98A2E5E1C658465 /* [CP] Check Pods Manifest.lock */,
				EE802BAD1FE2402F00CE8E5E /* Sources */,
				EE802BAE1FE2402F00CE8E5E /* Frameworks */,
				EE802BAF1FE2402F00CE8E5E /* Resources */,
				BB322BC88BFC4AB1167EA1BE /* [CP] Embed Pods Frameworks */,
				1D4C217E760C18AF8224E11D /* [CP] Copy Pods Resources */,
			);
			buildRules = (
			);
			dependencies = (
				EE802BB31FE2402F00CE8E5E /* PBXTargetDependency */,
			);
			name = voxfeedUITests;
			productName = voxfeedUITests;
			productReference = EE802BB11FE2402F00CE8E5E /* voxfeedUITests.xctest */;
			productType = "com.apple.product-type.bundle.ui-testing";
		};
/* End PBXNativeTarget section */

/* Begin PBXProject section */
		EE802B861FE2402F00CE8E5E /* Project object */ = {
			isa = PBXProject;
			attributes = {
				LastSwiftUpdateCheck = 0910;
				LastUpgradeCheck = 0910;
				ORGANIZATIONNAME = "Luis Rodríguez";
				TargetAttributes = {
					EE802B8D1FE2402F00CE8E5E = {
						CreatedOnToolsVersion = 9.1;
						ProvisioningStyle = Automatic;
					};
					EE802BA51FE2402F00CE8E5E = {
						CreatedOnToolsVersion = 9.1;
						LastSwiftMigration = 0910;
						ProvisioningStyle = Automatic;
						TestTargetID = EE802B8D1FE2402F00CE8E5E;
					};
					EE802BB01FE2402F00CE8E5E = {
						CreatedOnToolsVersion = 9.1;
						ProvisioningStyle = Automatic;
						TestTargetID = EE802B8D1FE2402F00CE8E5E;
					};
				};
			};
			buildConfigurationList = EE802B891FE2402F00CE8E5E /* Build configuration list for PBXProject "voxfeed" */;
			compatibilityVersion = "Xcode 8.0";
			developmentRegion = en;
			hasScannedForEncodings = 0;
			knownRegions = (
				en,
				Base,
			);
			mainGroup = EE802B851FE2402F00CE8E5E;
			productRefGroup = EE802B8F1FE2402F00CE8E5E /* Products */;
			projectDirPath = "";
			projectRoot = "";
			targets = (
				EE802B8D1FE2402F00CE8E5E /* voxfeed */,
				EE802BA51FE2402F00CE8E5E /* voxfeedTests */,
				EE802BB01FE2402F00CE8E5E /* voxfeedUITests */,
			);
		};
/* End PBXProject section */

/* Begin PBXResourcesBuildPhase section */
		EE802B8C1FE2402F00CE8E5E /* Resources */ = {
			isa = PBXResourcesBuildPhase;
			buildActionMask = 2147483647;
			files = (
				EECBDC081FE5D3B4002A66D7 /* HeaderImage.xib in Resources */,
				EE802BA01FE2402F00CE8E5E /* LaunchScreen.storyboard in Resources */,
				EE802BD41FE2494C00CE8E5E /* CardPublication.xib in Resources */,
				EECBDC0A1FE5D5D4002A66D7 /* StatsCell.xib in Resources */,
				EEA811BB1FE6F3B70049047E /* FooterButton.xib in Resources */,
				EE802B9D1FE2402F00CE8E5E /* Assets.xcassets in Resources */,
				EE802B9B1FE2402F00CE8E5E /* Main.storyboard in Resources */,
				EE802BD21FE2481400CE8E5E /* Publications.storyboard in Resources */,
			);
			runOnlyForDeploymentPostprocessing = 0;
		};
		EE802BA41FE2402F00CE8E5E /* Resources */ = {
			isa = PBXResourcesBuildPhase;
			buildActionMask = 2147483647;
			files = (
			);
			runOnlyForDeploymentPostprocessing = 0;
		};
		EE802BAF1FE2402F00CE8E5E /* Resources */ = {
			isa = PBXResourcesBuildPhase;
			buildActionMask = 2147483647;
			files = (
			);
			runOnlyForDeploymentPostprocessing = 0;
		};
/* End PBXResourcesBuildPhase section */

/* Begin PBXShellScriptBuildPhase section */
		029C57D232A15A6451A3137A /* [CP] Copy Pods Resources */ = {
			isa = PBXShellScriptBuildPhase;
			buildActionMask = 2147483647;
			files = (
			);
			inputPaths = (
			);
			name = "[CP] Copy Pods Resources";
			outputPaths = (
			);
			runOnlyForDeploymentPostprocessing = 0;
			shellPath = /bin/sh;
			shellScript = "\"${SRCROOT}/Pods/Target Support Files/Pods-voxfeed/Pods-voxfeed-resources.sh\"\n";
			showEnvVarsInLog = 0;
		};
		16B93636395EC69550282AC2 /* [CP] Check Pods Manifest.lock */ = {
			isa = PBXShellScriptBuildPhase;
			buildActionMask = 2147483647;
			files = (
			);
			inputPaths = (
			);
			name = "[CP] Check Pods Manifest.lock";
			outputPaths = (
			);
			runOnlyForDeploymentPostprocessing = 0;
			shellPath = /bin/sh;
			shellScript = "diff \"${PODS_PODFILE_DIR_PATH}/Podfile.lock\" \"${PODS_ROOT}/Manifest.lock\" > /dev/null\nif [ $? != 0 ] ; then\n    # print error to STDERR\n    echo \"error: The sandbox is not in sync with the Podfile.lock. Run 'pod install' or update your CocoaPods installation.\" >&2\n    exit 1\nfi\n";
			showEnvVarsInLog = 0;
		};
		1A1287FA34FC7DF925857B7F /* [CP] Embed Pods Frameworks */ = {
			isa = PBXShellScriptBuildPhase;
			buildActionMask = 2147483647;
			files = (
			);
			inputPaths = (
			);
			name = "[CP] Embed Pods Frameworks";
			outputPaths = (
			);
			runOnlyForDeploymentPostprocessing = 0;
			shellPath = /bin/sh;
			shellScript = "\"${SRCROOT}/Pods/Target Support Files/Pods-voxfeed/Pods-voxfeed-frameworks.sh\"\n";
			showEnvVarsInLog = 0;
		};
		1D4C217E760C18AF8224E11D /* [CP] Copy Pods Resources */ = {
			isa = PBXShellScriptBuildPhase;
			buildActionMask = 2147483647;
			files = (
			);
			inputPaths = (
			);
			name = "[CP] Copy Pods Resources";
			outputPaths = (
			);
			runOnlyForDeploymentPostprocessing = 0;
			shellPath = /bin/sh;
			shellScript = "\"${SRCROOT}/Pods/Target Support Files/Pods-voxfeedUITests/Pods-voxfeedUITests-resources.sh\"\n";
			showEnvVarsInLog = 0;
		};
		353A6082D98A2E5E1C658465 /* [CP] Check Pods Manifest.lock */ = {
			isa = PBXShellScriptBuildPhase;
			buildActionMask = 2147483647;
			files = (
			);
			inputPaths = (
			);
			name = "[CP] Check Pods Manifest.lock";
			outputPaths = (
			);
			runOnlyForDeploymentPostprocessing = 0;
			shellPath = /bin/sh;
			shellScript = "diff \"${PODS_PODFILE_DIR_PATH}/Podfile.lock\" \"${PODS_ROOT}/Manifest.lock\" > /dev/null\nif [ $? != 0 ] ; then\n    # print error to STDERR\n    echo \"error: The sandbox is not in sync with the Podfile.lock. Run 'pod install' or update your CocoaPods installation.\" >&2\n    exit 1\nfi\n";
			showEnvVarsInLog = 0;
		};
		BB322BC88BFC4AB1167EA1BE /* [CP] Embed Pods Frameworks */ = {
			isa = PBXShellScriptBuildPhase;
			buildActionMask = 2147483647;
			files = (
			);
			inputPaths = (
			);
			name = "[CP] Embed Pods Frameworks";
			outputPaths = (
			);
			runOnlyForDeploymentPostprocessing = 0;
			shellPath = /bin/sh;
			shellScript = "\"${SRCROOT}/Pods/Target Support Files/Pods-voxfeedUITests/Pods-voxfeedUITests-frameworks.sh\"\n";
			showEnvVarsInLog = 0;
		};
		C837A7055BD5D570A0451712 /* [CP] Copy Pods Resources */ = {
			isa = PBXShellScriptBuildPhase;
			buildActionMask = 2147483647;
			files = (
			);
			inputPaths = (
			);
			name = "[CP] Copy Pods Resources";
			outputPaths = (
			);
			runOnlyForDeploymentPostprocessing = 0;
			shellPath = /bin/sh;
			shellScript = "\"${SRCROOT}/Pods/Target Support Files/Pods-voxfeedTests/Pods-voxfeedTests-resources.sh\"\n";
			showEnvVarsInLog = 0;
		};
		E59E562D0584BAA0BA30F46E /* [CP] Check Pods Manifest.lock */ = {
			isa = PBXShellScriptBuildPhase;
			buildActionMask = 2147483647;
			files = (
			);
			inputPaths = (
			);
			name = "[CP] Check Pods Manifest.lock";
			outputPaths = (
			);
			runOnlyForDeploymentPostprocessing = 0;
			shellPath = /bin/sh;
			shellScript = "diff \"${PODS_PODFILE_DIR_PATH}/Podfile.lock\" \"${PODS_ROOT}/Manifest.lock\" > /dev/null\nif [ $? != 0 ] ; then\n    # print error to STDERR\n    echo \"error: The sandbox is not in sync with the Podfile.lock. Run 'pod install' or update your CocoaPods installation.\" >&2\n    exit 1\nfi\n";
			showEnvVarsInLog = 0;
		};
		FBE2CB467B5EB051E6065BF6 /* [CP] Embed Pods Frameworks */ = {
			isa = PBXShellScriptBuildPhase;
			buildActionMask = 2147483647;
			files = (
			);
			inputPaths = (
			);
			name = "[CP] Embed Pods Frameworks";
			outputPaths = (
			);
			runOnlyForDeploymentPostprocessing = 0;
			shellPath = /bin/sh;
			shellScript = "\"${SRCROOT}/Pods/Target Support Files/Pods-voxfeedTests/Pods-voxfeedTests-frameworks.sh\"\n";
			showEnvVarsInLog = 0;
		};
/* End PBXShellScriptBuildPhase section */

/* Begin PBXSourcesBuildPhase section */
		EE802B8A1FE2402F00CE8E5E /* Sources */ = {
			isa = PBXSourcesBuildPhase;
			buildActionMask = 2147483647;
			files = (
				EEB3EFFC1FE38BBF0005E50B /* VoxfeedAPI.swift in Sources */,
				EEA811C41FE78E380049047E /* WebViewController.swift in Sources */,
				EECBDC0E1FE5D830002A66D7 /* HeaderImageDetail.swift in Sources */,
				EEB3F03A1FE38DCF0005E50B /* MainViewController.swift in Sources */,
				EEB3EFF51FE385F00005E50B /* CardPublicationCell.swift in Sources */,
				692ABBAB1FE438E200A9B918 /* PublicationsPresenter.swift in Sources */,
				EE802BCD1FE242CD00CE8E5E /* Campaign.swift in Sources */,
				EEB3EFF91FE38B200005E50B /* PublicationsViewController.swift in Sources */,
				EE802BCF1FE242CD00CE8E5E /* Brand.swift in Sources */,
				EE802BCC1FE242CD00CE8E5E /* Stats.swift in Sources */,
				EEA811C21FE779580049047E /* Utils.swift in Sources */,
				EE802BCB1FE242CD00CE8E5E /* PromotedMessage.swift in Sources */,
				6998A88E1FEAAAFD0079DC0A /* PublicationDataProvider.swift in Sources */,
				EE802BCE1FE242CD00CE8E5E /* Post.swift in Sources */,
				EEA811BF1FE7707D0049047E /* colorExtension.swift in Sources */,
				EE802BCA1FE242CD00CE8E5E /* User.swift in Sources */,
				EECBDC161FE5F820002A66D7 /* DetailViewController.swift in Sources */,
				EECBDC101FE5DA4B002A66D7 /* StatsViewCell.swift in Sources */,
				EE802B921FE2402F00CE8E5E /* AppDelegate.swift in Sources */,
			);
			runOnlyForDeploymentPostprocessing = 0;
		};
		EE802BA21FE2402F00CE8E5E /* Sources */ = {
			isa = PBXSourcesBuildPhase;
			buildActionMask = 2147483647;
			files = (
				6998A88C1FEAA8E80079DC0A /* PublicationsViewControllerTests.swift in Sources */,
				694DE9521FEABE4A00448B75 /* PublicationsDataProviderTests.swift in Sources */,
			);
			runOnlyForDeploymentPostprocessing = 0;
		};
		EE802BAD1FE2402F00CE8E5E /* Sources */ = {
			isa = PBXSourcesBuildPhase;
			buildActionMask = 2147483647;
			files = (
				EE802BB61FE2402F00CE8E5E /* voxfeedUITests.swift in Sources */,
			);
			runOnlyForDeploymentPostprocessing = 0;
		};
/* End PBXSourcesBuildPhase section */

/* Begin PBXTargetDependency section */
		EE802BA81FE2402F00CE8E5E /* PBXTargetDependency */ = {
			isa = PBXTargetDependency;
			target = EE802B8D1FE2402F00CE8E5E /* voxfeed */;
			targetProxy = EE802BA71FE2402F00CE8E5E /* PBXContainerItemProxy */;
		};
		EE802BB31FE2402F00CE8E5E /* PBXTargetDependency */ = {
			isa = PBXTargetDependency;
			target = EE802B8D1FE2402F00CE8E5E /* voxfeed */;
			targetProxy = EE802BB21FE2402F00CE8E5E /* PBXContainerItemProxy */;
		};
/* End PBXTargetDependency section */

/* Begin PBXVariantGroup section */
		EE802B991FE2402F00CE8E5E /* Main.storyboard */ = {
			isa = PBXVariantGroup;
			children = (
				EE802B9A1FE2402F00CE8E5E /* Base */,
			);
			name = Main.storyboard;
			sourceTree = "<group>";
		};
		EE802B9E1FE2402F00CE8E5E /* LaunchScreen.storyboard */ = {
			isa = PBXVariantGroup;
			children = (
				EE802B9F1FE2402F00CE8E5E /* Base */,
			);
			name = LaunchScreen.storyboard;
			sourceTree = "<group>";
		};
/* End PBXVariantGroup section */

/* Begin XCBuildConfiguration section */
		EE802BB81FE2402F00CE8E5E /* Debug */ = {
			isa = XCBuildConfiguration;
			buildSettings = {
				ALWAYS_SEARCH_USER_PATHS = NO;
				CLANG_ANALYZER_NONNULL = YES;
				CLANG_ANALYZER_NUMBER_OBJECT_CONVERSION = YES_AGGRESSIVE;
				CLANG_CXX_LANGUAGE_STANDARD = "gnu++14";
				CLANG_CXX_LIBRARY = "libc++";
				CLANG_ENABLE_MODULES = YES;
				CLANG_ENABLE_OBJC_ARC = YES;
				CLANG_WARN_BLOCK_CAPTURE_AUTORELEASING = YES;
				CLANG_WARN_BOOL_CONVERSION = YES;
				CLANG_WARN_COMMA = YES;
				CLANG_WARN_CONSTANT_CONVERSION = YES;
				CLANG_WARN_DIRECT_OBJC_ISA_USAGE = YES_ERROR;
				CLANG_WARN_DOCUMENTATION_COMMENTS = YES;
				CLANG_WARN_EMPTY_BODY = YES;
				CLANG_WARN_ENUM_CONVERSION = YES;
				CLANG_WARN_INFINITE_RECURSION = YES;
				CLANG_WARN_INT_CONVERSION = YES;
				CLANG_WARN_NON_LITERAL_NULL_CONVERSION = YES;
				CLANG_WARN_OBJC_LITERAL_CONVERSION = YES;
				CLANG_WARN_OBJC_ROOT_CLASS = YES_ERROR;
				CLANG_WARN_RANGE_LOOP_ANALYSIS = YES;
				CLANG_WARN_STRICT_PROTOTYPES = YES;
				CLANG_WARN_SUSPICIOUS_MOVE = YES;
				CLANG_WARN_UNGUARDED_AVAILABILITY = YES_AGGRESSIVE;
				CLANG_WARN_UNREACHABLE_CODE = YES;
				CLANG_WARN__DUPLICATE_METHOD_MATCH = YES;
				CODE_SIGN_IDENTITY = "iPhone Developer";
				COPY_PHASE_STRIP = NO;
				DEBUG_INFORMATION_FORMAT = dwarf;
				ENABLE_STRICT_OBJC_MSGSEND = YES;
				ENABLE_TESTABILITY = YES;
				GCC_C_LANGUAGE_STANDARD = gnu11;
				GCC_DYNAMIC_NO_PIC = NO;
				GCC_NO_COMMON_BLOCKS = YES;
				GCC_OPTIMIZATION_LEVEL = 0;
				GCC_PREPROCESSOR_DEFINITIONS = (
					"DEBUG=1",
					"$(inherited)",
				);
				GCC_WARN_64_TO_32_BIT_CONVERSION = YES;
				GCC_WARN_ABOUT_RETURN_TYPE = YES_ERROR;
				GCC_WARN_UNDECLARED_SELECTOR = YES;
				GCC_WARN_UNINITIALIZED_AUTOS = YES_AGGRESSIVE;
				GCC_WARN_UNUSED_FUNCTION = YES;
				GCC_WARN_UNUSED_VARIABLE = YES;
				IPHONEOS_DEPLOYMENT_TARGET = 11.1;
				MTL_ENABLE_DEBUG_INFO = YES;
				ONLY_ACTIVE_ARCH = YES;
				SDKROOT = iphoneos;
				SWIFT_ACTIVE_COMPILATION_CONDITIONS = DEBUG;
				SWIFT_OPTIMIZATION_LEVEL = "-Onone";
			};
			name = Debug;
		};
		EE802BB91FE2402F00CE8E5E /* Release */ = {
			isa = XCBuildConfiguration;
			buildSettings = {
				ALWAYS_SEARCH_USER_PATHS = NO;
				CLANG_ANALYZER_NONNULL = YES;
				CLANG_ANALYZER_NUMBER_OBJECT_CONVERSION = YES_AGGRESSIVE;
				CLANG_CXX_LANGUAGE_STANDARD = "gnu++14";
				CLANG_CXX_LIBRARY = "libc++";
				CLANG_ENABLE_MODULES = YES;
				CLANG_ENABLE_OBJC_ARC = YES;
				CLANG_WARN_BLOCK_CAPTURE_AUTORELEASING = YES;
				CLANG_WARN_BOOL_CONVERSION = YES;
				CLANG_WARN_COMMA = YES;
				CLANG_WARN_CONSTANT_CONVERSION = YES;
				CLANG_WARN_DIRECT_OBJC_ISA_USAGE = YES_ERROR;
				CLANG_WARN_DOCUMENTATION_COMMENTS = YES;
				CLANG_WARN_EMPTY_BODY = YES;
				CLANG_WARN_ENUM_CONVERSION = YES;
				CLANG_WARN_INFINITE_RECURSION = YES;
				CLANG_WARN_INT_CONVERSION = YES;
				CLANG_WARN_NON_LITERAL_NULL_CONVERSION = YES;
				CLANG_WARN_OBJC_LITERAL_CONVERSION = YES;
				CLANG_WARN_OBJC_ROOT_CLASS = YES_ERROR;
				CLANG_WARN_RANGE_LOOP_ANALYSIS = YES;
				CLANG_WARN_STRICT_PROTOTYPES = YES;
				CLANG_WARN_SUSPICIOUS_MOVE = YES;
				CLANG_WARN_UNGUARDED_AVAILABILITY = YES_AGGRESSIVE;
				CLANG_WARN_UNREACHABLE_CODE = YES;
				CLANG_WARN__DUPLICATE_METHOD_MATCH = YES;
				CODE_SIGN_IDENTITY = "iPhone Developer";
				COPY_PHASE_STRIP = NO;
				DEBUG_INFORMATION_FORMAT = "dwarf-with-dsym";
				ENABLE_NS_ASSERTIONS = NO;
				ENABLE_STRICT_OBJC_MSGSEND = YES;
				GCC_C_LANGUAGE_STANDARD = gnu11;
				GCC_NO_COMMON_BLOCKS = YES;
				GCC_WARN_64_TO_32_BIT_CONVERSION = YES;
				GCC_WARN_ABOUT_RETURN_TYPE = YES_ERROR;
				GCC_WARN_UNDECLARED_SELECTOR = YES;
				GCC_WARN_UNINITIALIZED_AUTOS = YES_AGGRESSIVE;
				GCC_WARN_UNUSED_FUNCTION = YES;
				GCC_WARN_UNUSED_VARIABLE = YES;
				IPHONEOS_DEPLOYMENT_TARGET = 11.1;
				MTL_ENABLE_DEBUG_INFO = NO;
				SDKROOT = iphoneos;
				SWIFT_OPTIMIZATION_LEVEL = "-Owholemodule";
				VALIDATE_PRODUCT = YES;
			};
			name = Release;
		};
		EE802BBB1FE2402F00CE8E5E /* Debug */ = {
			isa = XCBuildConfiguration;
			baseConfigurationReference = A7325ED6C790DF12E33E947E /* Pods-voxfeed.debug.xcconfig */;
			buildSettings = {
				ASSETCATALOG_COMPILER_APPICON_NAME = AppIcon;
				CODE_SIGN_STYLE = Automatic;
				DEVELOPMENT_TEAM = V99PUP45YW;
				INFOPLIST_FILE = voxfeed/Info.plist;
				LD_RUNPATH_SEARCH_PATHS = "$(inherited) @executable_path/Frameworks";
				PRODUCT_BUNDLE_IDENTIFIER = Luis.Rodriguez.voxfeed;
				PRODUCT_NAME = "$(TARGET_NAME)";
				SWIFT_VERSION = 3.0;
				TARGETED_DEVICE_FAMILY = "1,2";
			};
			name = Debug;
		};
		EE802BBC1FE2402F00CE8E5E /* Release */ = {
			isa = XCBuildConfiguration;
			baseConfigurationReference = 87A23BC4BA5501B6D8BD7FFA /* Pods-voxfeed.release.xcconfig */;
			buildSettings = {
				ASSETCATALOG_COMPILER_APPICON_NAME = AppIcon;
				CODE_SIGN_STYLE = Automatic;
				DEVELOPMENT_TEAM = V99PUP45YW;
				INFOPLIST_FILE = voxfeed/Info.plist;
				LD_RUNPATH_SEARCH_PATHS = "$(inherited) @executable_path/Frameworks";
				PRODUCT_BUNDLE_IDENTIFIER = Luis.Rodriguez.voxfeed;
				PRODUCT_NAME = "$(TARGET_NAME)";
				SWIFT_VERSION = 3.0;
				TARGETED_DEVICE_FAMILY = "1,2";
			};
			name = Release;
		};
		EE802BBE1FE2402F00CE8E5E /* Debug */ = {
			isa = XCBuildConfiguration;
			baseConfigurationReference = F0E212AE1DCCEB69B20D37F8 /* Pods-voxfeedTests.debug.xcconfig */;
			buildSettings = {
				ALWAYS_EMBED_SWIFT_STANDARD_LIBRARIES = YES;
				BUNDLE_LOADER = "$(TEST_HOST)";
				CLANG_ENABLE_MODULES = YES;
				CODE_SIGN_STYLE = Automatic;
				DEVELOPMENT_TEAM = V99PUP45YW;
				INFOPLIST_FILE = voxfeedTests/Info.plist;
				LD_RUNPATH_SEARCH_PATHS = "$(inherited) @executable_path/Frameworks @loader_path/Frameworks";
				PRODUCT_BUNDLE_IDENTIFIER = Luis.Rodriguez.voxfeedTests;
				PRODUCT_NAME = "$(TARGET_NAME)";
				SWIFT_OPTIMIZATION_LEVEL = "-Onone";
				SWIFT_VERSION = 4.0;
				TARGETED_DEVICE_FAMILY = "1,2";
				TEST_HOST = "$(BUILT_PRODUCTS_DIR)/voxfeed.app/voxfeed";
			};
			name = Debug;
		};
		EE802BBF1FE2402F00CE8E5E /* Release */ = {
			isa = XCBuildConfiguration;
			baseConfigurationReference = FC295E7A0788D4973D47284D /* Pods-voxfeedTests.release.xcconfig */;
			buildSettings = {
				ALWAYS_EMBED_SWIFT_STANDARD_LIBRARIES = YES;
				BUNDLE_LOADER = "$(TEST_HOST)";
				CLANG_ENABLE_MODULES = YES;
				CODE_SIGN_STYLE = Automatic;
				DEVELOPMENT_TEAM = V99PUP45YW;
				INFOPLIST_FILE = voxfeedTests/Info.plist;
				LD_RUNPATH_SEARCH_PATHS = "$(inherited) @executable_path/Frameworks @loader_path/Frameworks";
				PRODUCT_BUNDLE_IDENTIFIER = Luis.Rodriguez.voxfeedTests;
				PRODUCT_NAME = "$(TARGET_NAME)";
				SWIFT_VERSION = 4.0;
				TARGETED_DEVICE_FAMILY = "1,2";
				TEST_HOST = "$(BUILT_PRODUCTS_DIR)/voxfeed.app/voxfeed";
			};
			name = Release;
		};
		EE802BC11FE2402F00CE8E5E /* Debug */ = {
			isa = XCBuildConfiguration;
			baseConfigurationReference = 0C8B933CA3069CCE97B852EC /* Pods-voxfeedUITests.debug.xcconfig */;
			buildSettings = {
				ALWAYS_EMBED_SWIFT_STANDARD_LIBRARIES = YES;
				CODE_SIGN_STYLE = Automatic;
				DEVELOPMENT_TEAM = V99PUP45YW;
				INFOPLIST_FILE = voxfeedUITests/Info.plist;
				LD_RUNPATH_SEARCH_PATHS = "$(inherited) @executable_path/Frameworks @loader_path/Frameworks";
				PRODUCT_BUNDLE_IDENTIFIER = Luis.Rodriguez.voxfeedUITests;
				PRODUCT_NAME = "$(TARGET_NAME)";
				SWIFT_VERSION = 4.0;
				TARGETED_DEVICE_FAMILY = "1,2";
				TEST_TARGET_NAME = voxfeed;
			};
			name = Debug;
		};
		EE802BC21FE2402F00CE8E5E /* Release */ = {
			isa = XCBuildConfiguration;
			baseConfigurationReference = 170D71D6F3DB49890E885109 /* Pods-voxfeedUITests.release.xcconfig */;
			buildSettings = {
				ALWAYS_EMBED_SWIFT_STANDARD_LIBRARIES = YES;
				CODE_SIGN_STYLE = Automatic;
				DEVELOPMENT_TEAM = V99PUP45YW;
				INFOPLIST_FILE = voxfeedUITests/Info.plist;
				LD_RUNPATH_SEARCH_PATHS = "$(inherited) @executable_path/Frameworks @loader_path/Frameworks";
				PRODUCT_BUNDLE_IDENTIFIER = Luis.Rodriguez.voxfeedUITests;
				PRODUCT_NAME = "$(TARGET_NAME)";
				SWIFT_VERSION = 4.0;
				TARGETED_DEVICE_FAMILY = "1,2";
				TEST_TARGET_NAME = voxfeed;
			};
			name = Release;
		};
/* End XCBuildConfiguration section */

/* Begin XCConfigurationList section */
		EE802B891FE2402F00CE8E5E /* Build configuration list for PBXProject "voxfeed" */ = {
			isa = XCConfigurationList;
			buildConfigurations = (
				EE802BB81FE2402F00CE8E5E /* Debug */,
				EE802BB91FE2402F00CE8E5E /* Release */,
			);
			defaultConfigurationIsVisible = 0;
			defaultConfigurationName = Release;
		};
		EE802BBA1FE2402F00CE8E5E /* Build configuration list for PBXNativeTarget "voxfeed" */ = {
			isa = XCConfigurationList;
			buildConfigurations = (
				EE802BBB1FE2402F00CE8E5E /* Debug */,
				EE802BBC1FE2402F00CE8E5E /* Release */,
			);
			defaultConfigurationIsVisible = 0;
			defaultConfigurationName = Release;
		};
		EE802BBD1FE2402F00CE8E5E /* Build configuration list for PBXNativeTarget "voxfeedTests" */ = {
			isa = XCConfigurationList;
			buildConfigurations = (
				EE802BBE1FE2402F00CE8E5E /* Debug */,
				EE802BBF1FE2402F00CE8E5E /* Release */,
			);
			defaultConfigurationIsVisible = 0;
			defaultConfigurationName = Release;
		};
		EE802BC01FE2402F00CE8E5E /* Build configuration list for PBXNativeTarget "voxfeedUITests" */ = {
			isa = XCConfigurationList;
			buildConfigurations = (
				EE802BC11FE2402F00CE8E5E /* Debug */,
				EE802BC21FE2402F00CE8E5E /* Release */,
			);
			defaultConfigurationIsVisible = 0;
			defaultConfigurationName = Release;
		};
/* End XCConfigurationList section */
	};
	rootObject = EE802B861FE2402F00CE8E5E /* Project object */;
}
